<?xml version="1.0" encoding="utf-8"?>
<Project ToolsVersion="4.0" xmlns="http://schemas.microsoft.com/developer/msbuild/2003">
  <ItemGroup>
    <Filter Include="api">
      <UniqueIdentifier>{88888888-8888-8888-8888-888888888888}</UniqueIdentifier>
    </Filter>
    <Filter Include="core">
      <UniqueIdentifier>{22222222-2222-2222-2222-222222222222}</UniqueIdentifier>
    </Filter>
    <Filter Include="platform">
      <UniqueIdentifier>{33333333-3333-3333-3333-333333333333}</UniqueIdentifier>
    </Filter>
    <Filter Include="Precompiled">
      <UniqueIdentifier>{99999999-9999-9999-9999-999999999999}</UniqueIdentifier>
    </Filter>
  </ItemGroup>
  <ItemGroup>
    <ClInclude Include="api\SondeApi.h">
      <Filter>api</Filter>
    </ClInclude>
    <ClInclude Include="core\Types.h">
      <Filter>core</Filter>
    </ClInclude>
    <ClInclude Include="core\Constants.h">
      <Filter>core</Filter>
    </ClInclude>
    <ClInclude Include="core\SondeIdentity.h">
      <Filter>core</Filter>
    </ClInclude>
    <ClInclude Include="core\SondeState.h">
      <Filter>core</Filter>
    </ClInclude>
    <ClInclude Include="core\Metrology.h">
      <Filter>core</Filter>
    </ClInclude>
    <ClInclude Include="core\SignalCalibration.h">
      <Filter>core</Filter>
    </ClInclude>
    <ClInclude Include="core\Resistivity.h">
      <Filter>core</Filter>
    </ClInclude>
    <ClInclude Include="core\NeuroResistivity.h">
      <Filter>core</Filter>
    </ClInclude>
    <ClInclude Include="core\InvasionForward.h">
      <Filter>core</Filter>
    </ClInclude>
    <ClInclude Include="core\DataFile.h">
      <Filter>core</Filter>
    </ClInclude>
    <ClInclude Include="core\AntiSpiral.h">
      <Filter>core</Filter>
    </ClInclude>
    <ClInclude Include="platform\Logger.h">
      <Filter>platform</Filter>
    </ClInclude>
    <ClInclude Include="platform\ErrorState.h">
      <Filter>platform</Filter>
    </ClInclude>
    <ClInclude Include="platform\NeuroPredictor.h">
      <Filter>platform</Filter>
    </ClInclude>
    <ClInclude Include="platform\neuro_api.h">
      <Filter>platform</Filter>
    </ClInclude>
    <ClInclude Include="stdafx.h">
      <Filter>Precompiled</Filter>
    </ClInclude>
    <ClInclude Include="targetver.h">
      <Filter>Precompiled</Filter>
    </ClInclude>
  </ItemGroup>
  <ItemGroup>
    <ClCompile Include="api\SondeApi.cpp">
      <Filter>api</Filter>
    </ClCompile>
    <ClCompile Include="core\SondeIdentity.cpp">
      <Filter>core</Filter>
    </ClCompile>
    <ClCompile Include="core\SondeState.cpp">
      <Filter>core</Filter>
    </ClCompile>
    <ClCompile Include="core\Metrology.cpp">
      <Filter>core</Filter>
    </ClCompile>
    <ClCompile Include="core\SignalCalibration.cpp">
      <Filter>core</Filter>
    </ClCompile>
    <ClCompile Include="core\Resistivity.cpp">
      <Filter>core</Filter>
    </ClCompile>
    <ClCompile Include="core\NeuroResistivity.cpp">
      <Filter>core</Filter>
    </ClCompile>
    <ClCompile Include="core\InvasionForward.cpp">
      <Filter>core</Filter>
    </ClCompile>
    <ClCompile Include="core\DataFile.cpp">
      <Filter>core</Filter>
    </ClCompile>
    <ClCompile Include="core\AntiSpiral.cpp">
      <Filter>core</Filter>
    </ClCompile>
    <ClCompile Include="platform\dllmain.cpp">
      <Filter>platform</Filter>
    </ClCompile>
    <ClCompile Include="platform\Logger.cpp">
      <Filter>platform</Filter>
    </ClCompile>
    <ClCompile Include="platform\ErrorState.cpp">
      <Filter>platform</Filter>
    </ClCompile>
    <ClCompile Include="platform\NeuroPredictor.cpp">
      <Filter>platform</Filter>
    </ClCompile>
    <ClCompile Include="stdafx.cpp">
      <Filter>Precompiled</Filter>
    </ClCompile>
  </ItemGroup>
</Project>
